
Microsoft Visual Studio Solution File, Format Version 12.00
# Visual Studio Version 17
VisualStudioVersion = 17.0.31903.59
MinimumVisualStudioVersion = 10.0.40219.1
Project("{FAE04EC0-301F-11D3-BF4B-00C04F79EFBC}") = "ServerApp.Api", "ServerApp.Api\ServerApp.Api.csproj", "{ACA7BB5A-AB7C-4B72-A0F7-6E4AF0E124C1}"
EndProject
Project("{FAE04EC0-301F-11D3-BF4B-00C04F79EFBC}") = "ServerApp.Application", "ServerApp.Application\ServerApp.Application.csproj", "{F1820E11-6B06-4356-A1DE-F08417433E09}"
EndProject
Project("{FAE04EC0-301F-11D3-BF4B-00C04F79EFBC}") = "ServerApp.Domain", "ServerApp.Domain\ServerApp.Domain.csproj", "{5693DE92-8160-40A0-8FDC-0F2D6E56C7F7}"
EndProject
Project("{FAE04EC0-301F-11D3-BF4B-00C04F79EFBC}") = "ServerApp.Persistence", "ServerApp.Persistence\ServerApp.Persistence.csproj", "{F4F667A4-BC03-4EA6-8B0E-A8EACDC8400A}"
EndProject
Global
	GlobalSection(SolutionConfigurationPlatforms) = preSolution
		Debug|Any CPU = Debug|Any CPU
		Release|Any CPU = Release|Any CPU
	EndGlobalSection
	GlobalSection(SolutionProperties) = preSolution
		HideSolutionNode = FALSE
	EndGlobalSection
	GlobalSection(ProjectConfigurationPlatforms) = postSolution
		{ACA7BB5A-AB7C-4B72-A0F7-6E4AF0E124C1}.Debug|Any CPU.ActiveCfg = Debug|Any CPU
		{ACA7BB5A-AB7C-4B72-A0F7-6E4AF0E124C1}.Debug|Any CPU.Build.0 = Debug|Any CPU
		{ACA7BB5A-AB7C-4B72-A0F7-6E4AF0E124C1}.Release|Any CPU.ActiveCfg = Release|Any CPU
		{ACA7BB5A-AB7C-4B72-A0F7-6E4AF0E124C1}.Release|Any CPU.Build.0 = Release|Any CPU
		{F1820E11-6B06-4356-A1DE-F08417433E09}.Debug|Any CPU.ActiveCfg = Debug|Any CPU
		{F1820E11-6B06-4356-A1DE-F08417433E09}.Debug|Any CPU.Build.0 = Debug|Any CPU
		{F1820E11-6B06-4356-A1DE-F08417433E09}.Release|Any CPU.ActiveCfg = Release|Any CPU
		{F1820E11-6B06-4356-A1DE-F08417433E09}.Release|Any CPU.Build.0 = Release|Any CPU
		{5693DE92-8160-40A0-8FDC-0F2D6E56C7F7}.Debug|Any CPU.ActiveCfg = Debug|Any CPU
		{5693DE92-8160-40A0-8FDC-0F2D6E56C7F7}.Debug|Any CPU.Build.0 = Debug|Any CPU
		{5693DE92-8160-40A0-8FDC-0F2D6E56C7F7}.Release|Any CPU.ActiveCfg = Release|Any CPU
		{5693DE92-8160-40A0-8FDC-0F2D6E56C7F7}.Release|Any CPU.Build.0 = Release|Any CPU
		{F4F667A4-BC03-4EA6-8B0E-A8EACDC8400A}.Debug|Any CPU.ActiveCfg = Debug|Any CPU
		{F4F667A4-BC03-4EA6-8B0E-A8EACDC8400A}.Debug|Any CPU.Build.0 = Debug|Any CPU
		{F4F667A4-BC03-4EA6-8B0E-A8EACDC8400A}.Release|Any CPU.ActiveCfg = Release|Any CPU
		{F4F667A4-BC03-4EA6-8B0E-A8EACDC8400A}.Release|Any CPU.Build.0 = Release|Any CPU
	EndGlobalSection
EndGlobal
